{
  "name": "websql-orm",
  "version": "2.0.0",
  "lockfileVersion": 1,
  "requires": true,
  "dependencies": {
    "@types/websql": {
      "version": "0.0.27",
      "resolved": "https://registry.npmjs.org/@types/websql/-/websql-0.0.27.tgz",
      "integrity": "sha1-Yhpman8CAY58u0q6uVaiVzbCfXE="
    }
  }
}
