{
  "name": "websql-orm",
  "version": "1.0.1",
  "lockfileVersion": 1,
  "requires": true,
  "dependencies": {
    "linq": {
      "version": "3.1.0",
      "resolved": "https://registry.npmjs.org/linq/-/linq-3.1.0.tgz",
      "integrity": "sha512-fekT1De4dRt0rviLiLdlICWv/m7I2Z2RUizIuT2VKzx+2dvgDn+6tVng7Yth9AysO0np2JF6YxugLY9s4D4CUg=="
    }
  }
}
